
Microsoft Visual Studio Solution File, Format Version 12.00
# Visual Studio Version 17
VisualStudioVersion = 17.10.34916.146
MinimumVisualStudioVersion = 10.0.40219.1
Project("{FAE04EC0-301F-11D3-BF4B-00C04F79EFBC}") = "exercicios-github-certification-dio", "exercicios-github-certification-dio\exercicios-github-certification-dio.csproj", "{26C8B6D6-44EA-4CF5-91EC-D35C3391ED5B}"
EndProject
Global
	GlobalSection(SolutionConfigurationPlatforms) = preSolution
		Debug|Any CPU = Debug|Any CPU
		Release|Any CPU = Release|Any CPU
	EndGlobalSection
	GlobalSection(ProjectConfigurationPlatforms) = postSolution
		{26C8B6D6-44EA-4CF5-91EC-D35C3391ED5B}.Debug|Any CPU.ActiveCfg = Debug|Any CPU
		{26C8B6D6-44EA-4CF5-91EC-D35C3391ED5B}.Debug|Any CPU.Build.0 = Debug|Any CPU
		{26C8B6D6-44EA-4CF5-91EC-D35C3391ED5B}.Release|Any CPU.ActiveCfg = Release|Any CPU
		{26C8B6D6-44EA-4CF5-91EC-D35C3391ED5B}.Release|Any CPU.Build.0 = Release|Any CPU
	EndGlobalSection
	GlobalSection(SolutionProperties) = preSolution
		HideSolutionNode = FALSE
	EndGlobalSection
	GlobalSection(ExtensibilityGlobals) = postSolution
		SolutionGuid = {FA3044E3-195C-4AA4-9A13-E25645468204}
	EndGlobalSection
EndGlobal
