
Microsoft Visual Studio Solution File, Format Version 12.00
# Visual Studio Version 17
VisualStudioVersion = 17.10.34916.146
MinimumVisualStudioVersion = 10.0.40219.1
Project("{FAE04EC0-301F-11D3-BF4B-00C04F79EFBC}") = "desafio-sistema-estacionamento-dio", "desafio-sistema-estacionamento-dio\desafio-sistema-estacionamento-dio.csproj", "{B85C22AE-39FB-4A32-9CAA-E9594007CA3D}"
EndProject
Global
	GlobalSection(SolutionConfigurationPlatforms) = preSolution
		Debug|Any CPU = Debug|Any CPU
		Release|Any CPU = Release|Any CPU
	EndGlobalSection
	GlobalSection(ProjectConfigurationPlatforms) = postSolution
		{B85C22AE-39FB-4A32-9CAA-E9594007CA3D}.Debug|Any CPU.ActiveCfg = Debug|Any CPU
		{B85C22AE-39FB-4A32-9CAA-E9594007CA3D}.Debug|Any CPU.Build.0 = Debug|Any CPU
		{B85C22AE-39FB-4A32-9CAA-E9594007CA3D}.Release|Any CPU.ActiveCfg = Release|Any CPU
		{B85C22AE-39FB-4A32-9CAA-E9594007CA3D}.Release|Any CPU.Build.0 = Release|Any CPU
	EndGlobalSection
	GlobalSection(SolutionProperties) = preSolution
		HideSolutionNode = FALSE
	EndGlobalSection
	GlobalSection(ExtensibilityGlobals) = postSolution
		SolutionGuid = {4DD463DE-852B-45A6-84EE-F2DA0B9AAAEE}
	EndGlobalSection
EndGlobal
